
Microsoft Visual Studio Solution File, Format Version 9.00
# Visual Studio 2005
Project("{FAE04EC0-301F-11D3-BF4B-00C04F79EFBC}") = "Eliza", "Eliza.csproj", "{CC9558ED-D536-4F64-AA9E-6DE97D91300D}"
EndProject
Project("{FAE04EC0-301F-11D3-BF4B-00C04F79EFBC}") = "SticksBot", "SticksBot.csproj", "{467F76DC-95DF-49EF-899F-D75382CDA9FF}"
EndProject
Global
	GlobalSection(SolutionConfigurationPlatforms) = preSolution
		Debug|Any CPU = Debug|Any CPU
		Release|Any CPU = Release|Any CPU
	EndGlobalSection
	GlobalSection(ProjectConfigurationPlatforms) = postSolution
		{CC9558ED-D536-4F64-AA9E-6DE97D91300D}.Debug|Any CPU.ActiveCfg = Debug|Any CPU
		{CC9558ED-D536-4F64-AA9E-6DE97D91300D}.Debug|Any CPU.Build.0 = Debug|Any CPU
		{CC9558ED-D536-4F64-AA9E-6DE97D91300D}.Release|Any CPU.ActiveCfg = Release|Any CPU
		{CC9558ED-D536-4F64-AA9E-6DE97D91300D}.Release|Any CPU.Build.0 = Release|Any CPU
		{467F76DC-95DF-49EF-899F-D75382CDA9FF}.Debug|Any CPU.ActiveCfg = Debug|Any CPU
		{467F76DC-95DF-49EF-899F-D75382CDA9FF}.Debug|Any CPU.Build.0 = Debug|Any CPU
		{467F76DC-95DF-49EF-899F-D75382CDA9FF}.Release|Any CPU.ActiveCfg = Release|Any CPU
		{467F76DC-95DF-49EF-899F-D75382CDA9FF}.Release|Any CPU.Build.0 = Release|Any CPU
	EndGlobalSection
	GlobalSection(SolutionProperties) = preSolution
		HideSolutionNode = FALSE
	EndGlobalSection
EndGlobal
